
Microsoft Visual Studio Solution File, Format Version 12.00
# Visual Studio Version 16
VisualStudioVersion = 16.0.31025.194
MinimumVisualStudioVersion = 10.0.40219.1
Project("{9A19103F-16F7-4668-BE54-9A1E7A4F7556}") = "EvolutionPlugins.OpenDeathMessages", "OpenDeathMessages\EvolutionPlugins.OpenDeathMessages.csproj", "{BC87FF18-900E-4330-9A07-86504FF0042C}"
EndProject
Global
	GlobalSection(SolutionConfigurationPlatforms) = preSolution
		Debug|Any CPU = Debug|Any CPU
		Release|Any CPU = Release|Any CPU
	EndGlobalSection
	GlobalSection(ProjectConfigurationPlatforms) = postSolution
		{BC87FF18-900E-4330-9A07-86504FF0042C}.Debug|Any CPU.ActiveCfg = Debug|Any CPU
		{BC87FF18-900E-4330-9A07-86504FF0042C}.Debug|Any CPU.Build.0 = Debug|Any CPU
		{BC87FF18-900E-4330-9A07-86504FF0042C}.Release|Any CPU.ActiveCfg = Release|Any CPU
		{BC87FF18-900E-4330-9A07-86504FF0042C}.Release|Any CPU.Build.0 = Release|Any CPU
	EndGlobalSection
	GlobalSection(SolutionProperties) = preSolution
		HideSolutionNode = FALSE
	EndGlobalSection
	GlobalSection(ExtensibilityGlobals) = postSolution
		SolutionGuid = {2E786FD1-C0E6-486B-8033-83ED31274BEA}
	EndGlobalSection
EndGlobal
